
Microsoft Visual Studio Solution File, Format Version 12.00
# Visual Studio 2013
VisualStudioVersion = 12.0.31101.0
MinimumVisualStudioVersion = 10.0.40219.1
Project("{8BC9CEB8-8B4A-11D0-8D11-00A0C91BC942}") = "JSCUDA", "..\build\JSCUDA\JSCUDA.vcxproj", "{9AD7597E-F948-4CCF-BCD1-F1355A1CC6F0}"
EndProject
Project("{8BC9CEB8-8B4A-11D0-8D11-00A0C91BC942}") = "Test", "..\build\Test\Test.vcxproj", "{BCDE4894-7AD8-49B2-8FDC-A0FB4687CCFE}"
	ProjectSection(ProjectDependencies) = postProject
		{9AD7597E-F948-4CCF-BCD1-F1355A1CC6F0} = {9AD7597E-F948-4CCF-BCD1-F1355A1CC6F0}
	EndProjectSection
EndProject
Project("{8BC9CEB8-8B4A-11D0-8D11-00A0C91BC942}") = "jc", "..\node\jc\build\jc.vcxproj", "{612CF75C-9D45-2E9F-7B59-DA298D2197A9}"
	ProjectSection(ProjectDependencies) = postProject
		{9AD7597E-F948-4CCF-BCD1-F1355A1CC6F0} = {9AD7597E-F948-4CCF-BCD1-F1355A1CC6F0}
	EndProjectSection
EndProject
Global
	GlobalSection(SolutionConfigurationPlatforms) = preSolution
		Debug|Mixed Platforms = Debug|Mixed Platforms
		Debug|Win32 = Debug|Win32
		Debug|x64 = Debug|x64
		Release|Mixed Platforms = Release|Mixed Platforms
		Release|Win32 = Release|Win32
		Release|x64 = Release|x64
	EndGlobalSection
	GlobalSection(ProjectConfigurationPlatforms) = postSolution
		{9AD7597E-F948-4CCF-BCD1-F1355A1CC6F0}.Debug|Mixed Platforms.ActiveCfg = Debug|Win32
		{9AD7597E-F948-4CCF-BCD1-F1355A1CC6F0}.Debug|Mixed Platforms.Build.0 = Debug|Win32
		{9AD7597E-F948-4CCF-BCD1-F1355A1CC6F0}.Debug|Win32.ActiveCfg = Debug|Win32
		{9AD7597E-F948-4CCF-BCD1-F1355A1CC6F0}.Debug|Win32.Build.0 = Debug|Win32
		{9AD7597E-F948-4CCF-BCD1-F1355A1CC6F0}.Debug|x64.ActiveCfg = Debug|x64
		{9AD7597E-F948-4CCF-BCD1-F1355A1CC6F0}.Debug|x64.Build.0 = Debug|x64
		{9AD7597E-F948-4CCF-BCD1-F1355A1CC6F0}.Release|Mixed Platforms.ActiveCfg = Release|Win32
		{9AD7597E-F948-4CCF-BCD1-F1355A1CC6F0}.Release|Mixed Platforms.Build.0 = Release|Win32
		{9AD7597E-F948-4CCF-BCD1-F1355A1CC6F0}.Release|Win32.ActiveCfg = Release|Win32
		{9AD7597E-F948-4CCF-BCD1-F1355A1CC6F0}.Release|Win32.Build.0 = Release|Win32
		{9AD7597E-F948-4CCF-BCD1-F1355A1CC6F0}.Release|x64.ActiveCfg = Release|x64
		{9AD7597E-F948-4CCF-BCD1-F1355A1CC6F0}.Release|x64.Build.0 = Release|x64
		{BCDE4894-7AD8-49B2-8FDC-A0FB4687CCFE}.Debug|Mixed Platforms.ActiveCfg = Debug|Win32
		{BCDE4894-7AD8-49B2-8FDC-A0FB4687CCFE}.Debug|Mixed Platforms.Build.0 = Debug|Win32
		{BCDE4894-7AD8-49B2-8FDC-A0FB4687CCFE}.Debug|Win32.ActiveCfg = Debug|Win32
		{BCDE4894-7AD8-49B2-8FDC-A0FB4687CCFE}.Debug|Win32.Build.0 = Debug|Win32
		{BCDE4894-7AD8-49B2-8FDC-A0FB4687CCFE}.Debug|x64.ActiveCfg = Debug|x64
		{BCDE4894-7AD8-49B2-8FDC-A0FB4687CCFE}.Debug|x64.Build.0 = Debug|x64
		{BCDE4894-7AD8-49B2-8FDC-A0FB4687CCFE}.Release|Mixed Platforms.ActiveCfg = Release|Win32
		{BCDE4894-7AD8-49B2-8FDC-A0FB4687CCFE}.Release|Mixed Platforms.Build.0 = Release|Win32
		{BCDE4894-7AD8-49B2-8FDC-A0FB4687CCFE}.Release|Win32.ActiveCfg = Release|Win32
		{BCDE4894-7AD8-49B2-8FDC-A0FB4687CCFE}.Release|Win32.Build.0 = Release|Win32
		{BCDE4894-7AD8-49B2-8FDC-A0FB4687CCFE}.Release|x64.ActiveCfg = Release|Win32
		{612CF75C-9D45-2E9F-7B59-DA298D2197A9}.Debug|Mixed Platforms.ActiveCfg = Debug|x64
		{612CF75C-9D45-2E9F-7B59-DA298D2197A9}.Debug|Mixed Platforms.Build.0 = Debug|x64
		{612CF75C-9D45-2E9F-7B59-DA298D2197A9}.Debug|Win32.ActiveCfg = Debug|x64
		{612CF75C-9D45-2E9F-7B59-DA298D2197A9}.Debug|x64.ActiveCfg = Debug|x64
		{612CF75C-9D45-2E9F-7B59-DA298D2197A9}.Debug|x64.Build.0 = Debug|x64
		{612CF75C-9D45-2E9F-7B59-DA298D2197A9}.Release|Mixed Platforms.ActiveCfg = Release|x64
		{612CF75C-9D45-2E9F-7B59-DA298D2197A9}.Release|Mixed Platforms.Build.0 = Release|x64
		{612CF75C-9D45-2E9F-7B59-DA298D2197A9}.Release|Win32.ActiveCfg = Release|x64
		{612CF75C-9D45-2E9F-7B59-DA298D2197A9}.Release|x64.ActiveCfg = Release|x64
		{612CF75C-9D45-2E9F-7B59-DA298D2197A9}.Release|x64.Build.0 = Release|x64
	EndGlobalSection
	GlobalSection(SolutionProperties) = preSolution
		HideSolutionNode = FALSE
	EndGlobalSection
EndGlobal
